
Microsoft Visual Studio Solution File, Format Version 12.00
# Visual Studio Version 17
VisualStudioVersion = 17.9.34622.214
MinimumVisualStudioVersion = 10.0.40219.1
Project("{FAE04EC0-301F-11D3-BF4B-00C04F79EFBC}") = "BloomBloomFilter", "BloomBloomFilter.csproj", "{DC08E8CE-BA1B-4FD9-ADD4-EB4A06BCF1EC}"
EndProject
Project("{FAE04EC0-301F-11D3-BF4B-00C04F79EFBC}") = "BloomBloomTest", "..\BloomBloomTest\BloomBloomTest.csproj", "{68C2FCE9-0DAF-4D04-891D-F6BAC34E40D9}"
EndProject
Global
	GlobalSection(SolutionConfigurationPlatforms) = preSolution
		Debug|Any CPU = Debug|Any CPU
		Release|Any CPU = Release|Any CPU
	EndGlobalSection
	GlobalSection(ProjectConfigurationPlatforms) = postSolution
		{DC08E8CE-BA1B-4FD9-ADD4-EB4A06BCF1EC}.Debug|Any CPU.ActiveCfg = Debug|Any CPU
		{DC08E8CE-BA1B-4FD9-ADD4-EB4A06BCF1EC}.Debug|Any CPU.Build.0 = Debug|Any CPU
		{DC08E8CE-BA1B-4FD9-ADD4-EB4A06BCF1EC}.Release|Any CPU.ActiveCfg = Release|Any CPU
		{DC08E8CE-BA1B-4FD9-ADD4-EB4A06BCF1EC}.Release|Any CPU.Build.0 = Release|Any CPU
		{68C2FCE9-0DAF-4D04-891D-F6BAC34E40D9}.Debug|Any CPU.ActiveCfg = Debug|Any CPU
		{68C2FCE9-0DAF-4D04-891D-F6BAC34E40D9}.Debug|Any CPU.Build.0 = Debug|Any CPU
		{68C2FCE9-0DAF-4D04-891D-F6BAC34E40D9}.Release|Any CPU.ActiveCfg = Release|Any CPU
		{68C2FCE9-0DAF-4D04-891D-F6BAC34E40D9}.Release|Any CPU.Build.0 = Release|Any CPU
	EndGlobalSection
	GlobalSection(SolutionProperties) = preSolution
		HideSolutionNode = FALSE
	EndGlobalSection
	GlobalSection(ExtensibilityGlobals) = postSolution
		SolutionGuid = {8609E22D-EC59-443B-B5B1-13977EDC9594}
	EndGlobalSection
EndGlobal
